
Microsoft Visual Studio Solution File, Format Version 12.00
# Visual Studio Version 17
VisualStudioVersion = 17.4.33110.190
MinimumVisualStudioVersion = 10.0.40219.1
Project("{FAE04EC0-301F-11D3-BF4B-00C04F79EFBC}") = "RecipeShared", "RecipeShared.csproj", "{45552766-C087-401E-8F67-23AF4BDEBF82}"
EndProject
Global
	GlobalSection(SolutionConfigurationPlatforms) = preSolution
		Debug|Any CPU = Debug|Any CPU
		Release|Any CPU = Release|Any CPU
	EndGlobalSection
	GlobalSection(ProjectConfigurationPlatforms) = postSolution
		{45552766-C087-401E-8F67-23AF4BDEBF82}.Debug|Any CPU.ActiveCfg = Debug|Any CPU
		{45552766-C087-401E-8F67-23AF4BDEBF82}.Debug|Any CPU.Build.0 = Debug|Any CPU
		{45552766-C087-401E-8F67-23AF4BDEBF82}.Release|Any CPU.ActiveCfg = Release|Any CPU
		{45552766-C087-401E-8F67-23AF4BDEBF82}.Release|Any CPU.Build.0 = Release|Any CPU
	EndGlobalSection
	GlobalSection(SolutionProperties) = preSolution
		HideSolutionNode = FALSE
	EndGlobalSection
	GlobalSection(ExtensibilityGlobals) = postSolution
		SolutionGuid = {B9A51C16-E18A-4214-A9BD-C721DAA289EF}
	EndGlobalSection
EndGlobal
